# This file is autogenerated, do not edit; changes may be undone by the next 'dep ensure'.


[[projects]]
  digest = "1:63365cc19727fc5f786d5d95079016b3601120c9699543abae2d5d0bff139109"
  name = "github.com/DATA-DOG/go-sqlmock"
  packages = ["."]
  pruneopts = "UT"
  revision = "7d7fc89ac4d6e7994c74cf16a6cb774b0374f2f9"
  version = "v1.4.1"

[[projects]]
  digest = "1:ffe9824d294da03b391f44e1ae8281281b4afc1bdaa9588c9097785e3af10cec"
  name = "github.com/davecgh/go-spew"
  packages = ["spew"]
  pruneopts = "UT"
  revision = "8991bc29aa16c548c550c7ff78260e27b9ab7c73"
  version = "v1.1.1"

[[projects]]
  branch = "master"
  digest = "1:283c2e79f34b41f444d14c2b7a3cc458d3ff18736e502832eac0a407ebfe6263"
  name = "github.com/dgrijalva/jwt-go"
  packages = ["."]
  pruneopts = "UT"
  revision = "dc14462fd58732591c7fa58cc8496d6824316a82"

[[projects]]
  branch = "master"
  digest = "1:21a338ab8d56ed1117b46cb9b9021d15d6425650af9da750cddb44e4475e9218"
  name = "github.com/golang/protobuf"
  packages = [
    "descriptor",
    "jsonpb",
    "proto",
    "protoc-gen-go/descriptor",
    "protoc-gen-go/generator",
    "protoc-gen-go/generator/internal/remap",
    "protoc-gen-go/plugin",
    "ptypes",
    "ptypes/any",
    "ptypes/duration",
    "ptypes/struct",
    "ptypes/timestamp",
    "ptypes/wrappers",
  ]
  pruneopts = "UT"
  revision = "d23c5127dc24889085f8ccea5c9d560a57a879d8"

[[projects]]
  digest = "1:582b704bebaa06b48c29b0cec224a6058a09c86883aaddabde889cd1a5f73e1b"
  name = "github.com/google/uuid"
  packages = ["."]
  pruneopts = "UT"
  revision = "0cd6bf5da1e1c83f8b45653022c74f71af0538a4"
  version = "v1.1.1"

[[projects]]
  digest = "1:55a4db28a494118f80b5edc5df24d28a292f2743fbef51d870e59133e41a6ea5"
  name = "github.com/grpc-ecosystem/go-grpc-middleware"
  packages = [
    ".",
    "auth",
    "logging",
    "logging/logrus",
    "logging/logrus/ctxlogrus",
    "tags",
    "util/metautils",
  ]
  pruneopts = "UT"
  revision = "3c51f7f332123e8be5a157c0802a228ac85bf9db"
  version = "v1.2.0"

[[projects]]
  digest = "1:cacc4e85cbba0033e53a4c08aed0af00e253263216e88dd7dc2cba3732674ec3"
  name = "github.com/grpc-ecosystem/grpc-gateway"
  packages = [
    "internal",
    "protoc-gen-swagger/options",
    "runtime",
    "utilities",
  ]
  pruneopts = "UT"
  revision = "4c2cec4158f65aebe0290d3bee883b13f7b07c6f"
  version = "v1.13.0"

[[projects]]
  digest = "1:e40b74b04fa9a70ff39869139c9fd15ec9a9eefde3f51ef3b65405a60ce30e0e"
  name = "github.com/jinzhu/gorm"
  packages = [
    ".",
    "dialects/postgres",
  ]
  pruneopts = "UT"
  revision = "79a77d771dee4e4b60e9c543e8663bbc80466670"
  version = "v1.9.12"

[[projects]]
  digest = "1:01ed62f8f4f574d8aff1d88caee113700a2b44c42351943fa73cc1808f736a50"
  name = "github.com/jinzhu/inflection"
  packages = ["."]
  pruneopts = "UT"
  revision = "f5c5f50e6090ae76a29240b61ae2a90dd810112e"
  version = "v1.0.0"

[[projects]]
  digest = "1:31e761d97c76151dde79e9d28964a812c46efc5baee4085b86f68f0c654450de"
  name = "github.com/konsorten/go-windows-terminal-sequences"
  packages = ["."]
  pruneopts = "UT"
  revision = "f55edac94c9bbba5d6182a4be46d86a2c9b5b50e"
  version = "v1.0.2"

[[projects]]
  branch = "master"
  digest = "1:94a02ba66dd163fc2b516b374ad72bbbc68a70e3f6f6ac6bba54f27facd70cc8"
  name = "github.com/lib/pq"
  packages = [
    ".",
    "hstore",
    "oid",
    "scram",
  ]
  pruneopts = "UT"
  revision = "9eb3fc897d6fd97dd4aad3d0404b54e2f7cc56be"

[[projects]]
  digest = "1:0028cb19b2e4c3112225cd871870f2d9cf49b9b4276531f03438a88e94be86fe"
  name = "github.com/pmezard/go-difflib"
  packages = ["difflib"]
  pruneopts = "UT"
  revision = "792786c7400a136282c1664665ae0a8db921c6c2"
  version = "v1.0.0"

[[projects]]
  digest = "1:04457f9f6f3ffc5fea48e71d62f2ca256637dee0a04d710288e27e05c8b41976"
  name = "github.com/sirupsen/logrus"
  packages = ["."]
  pruneopts = "UT"
  revision = "839c75faf7f98a33d445d181f3018b5c3409a45e"
  version = "v1.4.2"

[[projects]]
  digest = "1:5e8f46b412421d2d6cceea845d28ac46f3f5a5f60a6e86f0ee75e24fd43a02a9"
  name = "github.com/stretchr/testify"
  packages = ["assert"]
  pruneopts = "UT"
  revision = "3ebf1ddaeb260c4b1ae502a01c7844fa8c1fa0e9"
  version = "v1.5.1"

[[projects]]
  branch = "master"
  digest = "1:d60f1958ca4a7a5eb327a5f742777f1d238f78f9722a32cd12a7dc0311e1f50d"
  name = "golang.org/x/net"
  packages = [
    "context",
    "http/httpguts",
    "http2",
    "http2/hpack",
    "idna",
    "internal/timeseries",
    "trace",
  ]
  pruneopts = "UT"
  revision = "5a598a2470a0279bd28bab287167dc1ef0813153"

[[projects]]
  branch = "master"
  digest = "1:578046baf093df15df2904bbb0fe06f3f2385bad59987532201007754aa7e1d5"
  name = "golang.org/x/sys"
  packages = ["unix"]
  pruneopts = "UT"
  revision = "d5e6a3e2c0ae16fc7480523ebcb7fd4dd3215489"

[[projects]]
  digest = "1:8d8faad6b12a3a4c819a3f9618cb6ee1fa1cfc33253abeeea8b55336721e3405"
  name = "golang.org/x/text"
  packages = [
    "collate",
    "collate/build",
    "internal/colltab",
    "internal/gen",
    "internal/language",
    "internal/language/compact",
    "internal/tag",
    "internal/triegen",
    "internal/ucd",
    "language",
    "secure/bidirule",
    "transform",
    "unicode/bidi",
    "unicode/cldr",
    "unicode/norm",
    "unicode/rangetable",
  ]
  pruneopts = "UT"
  revision = "342b2e1fbaa52c93f31447ad2c6abc048c63e475"
  version = "v0.3.2"

[[projects]]
  branch = "master"
  digest = "1:25dad67dc6fea69360a2d493ce289ff01af18de4b8029b930cc290e4131679c3"
  name = "google.golang.org/genproto"
  packages = [
    "googleapis/api/annotations",
    "googleapis/api/httpbody",
    "googleapis/rpc/code",
    "googleapis/rpc/status",
    "protobuf/field_mask",
  ]
  pruneopts = "UT"
  revision = "fc8f554266884563332e03c40daaf5db88ecce10"

[[projects]]
  digest = "1:de21a2d5b9c8697d83f5ab48f3e8fe3616c33ac4b2d057083662dede0e81488e"
  name = "google.golang.org/grpc"
  packages = [
    ".",
    "attributes",
    "backoff",
    "balancer",
    "balancer/base",
    "balancer/roundrobin",
    "binarylog/grpc_binarylog_v1",
    "codes",
    "connectivity",
    "credentials",
    "credentials/internal",
    "encoding",
    "encoding/proto",
    "grpclog",
    "internal",
    "internal/backoff",
    "internal/balancerload",
    "internal/binarylog",
    "internal/buffer",
    "internal/channelz",
    "internal/envconfig",
    "internal/grpcrand",
    "internal/grpcsync",
    "internal/resolver/dns",
    "internal/resolver/passthrough",
    "internal/syscall",
    "internal/transport",
    "keepalive",
    "metadata",
    "naming",
    "peer",
    "resolver",
    "serviceconfig",
    "stats",
    "status",
    "tap",
  ]
  pruneopts = "UT"
  revision = "f495f5b15ae7ccda3b38c53a1bfcde4c1a58a2bc"
  version = "v1.27.1"

[[projects]]
  digest = "1:55b110c99c5fdc4f14930747326acce56b52cfce60b24b1c03ef686ac0e46bb1"
  name = "gopkg.in/yaml.v2"
  packages = ["."]
  pruneopts = "UT"
  revision = "53403b58ad1b561927d19068c655246f2db79d48"
  version = "v2.2.8"

[solve-meta]
  analyzer-name = "dep"
  analyzer-version = 1
  input-imports = [
    "github.com/DATA-DOG/go-sqlmock",
    "github.com/dgrijalva/jwt-go",
    "github.com/golang/protobuf/jsonpb",
    "github.com/golang/protobuf/proto",
    "github.com/golang/protobuf/protoc-gen-go/generator",
    "github.com/golang/protobuf/ptypes/wrappers",
    "github.com/google/uuid",
    "github.com/grpc-ecosystem/go-grpc-middleware",
    "github.com/grpc-ecosystem/go-grpc-middleware/auth",
    "github.com/grpc-ecosystem/go-grpc-middleware/logging/logrus",
    "github.com/grpc-ecosystem/go-grpc-middleware/logging/logrus/ctxlogrus",
    "github.com/grpc-ecosystem/grpc-gateway/protoc-gen-swagger/options",
    "github.com/grpc-ecosystem/grpc-gateway/runtime",
    "github.com/grpc-ecosystem/grpc-gateway/utilities",
    "github.com/jinzhu/gorm",
    "github.com/jinzhu/gorm/dialects/postgres",
    "github.com/jinzhu/inflection",
    "github.com/lib/pq",
    "github.com/sirupsen/logrus",
    "github.com/stretchr/testify/assert",
    "golang.org/x/net/context",
    "google.golang.org/genproto/googleapis/api/annotations",
    "google.golang.org/genproto/googleapis/rpc/code",
    "google.golang.org/genproto/protobuf/field_mask",
    "google.golang.org/grpc",
    "google.golang.org/grpc/codes",
    "google.golang.org/grpc/credentials",
    "google.golang.org/grpc/grpclog",
    "google.golang.org/grpc/metadata",
    "google.golang.org/grpc/status",
  ]
  solver-name = "gps-cdcl"
  solver-version = 1
